
Microsoft Visual Studio Solution File, Format Version 12.00
# Visual Studio Version 16
VisualStudioVersion = 16.0.34301.259
MinimumVisualStudioVersion = 10.0.40219.1
Project("{FAE04EC0-301F-11D3-BF4B-00C04F79EFBC}") = "test3_lttq", "test3_lttq\test3_lttq.csproj", "{1605FF12-C126-49C5-8628-C3BBDDB317A8}"
EndProject
Global
	GlobalSection(SolutionConfigurationPlatforms) = preSolution
		Debug|Any CPU = Debug|Any CPU
		Release|Any CPU = Release|Any CPU
	EndGlobalSection
	GlobalSection(ProjectConfigurationPlatforms) = postSolution
		{1605FF12-C126-49C5-8628-C3BBDDB317A8}.Debug|Any CPU.ActiveCfg = Debug|Any CPU
		{1605FF12-C126-49C5-8628-C3BBDDB317A8}.Debug|Any CPU.Build.0 = Debug|Any CPU
		{1605FF12-C126-49C5-8628-C3BBDDB317A8}.Release|Any CPU.ActiveCfg = Release|Any CPU
		{1605FF12-C126-49C5-8628-C3BBDDB317A8}.Release|Any CPU.Build.0 = Release|Any CPU
	EndGlobalSection
	GlobalSection(SolutionProperties) = preSolution
		HideSolutionNode = FALSE
	EndGlobalSection
	GlobalSection(ExtensibilityGlobals) = postSolution
		SolutionGuid = {A7E5DE8D-229E-4720-AF7B-AB19C655D1AA}
	EndGlobalSection
EndGlobal
